// !$*UTF8*$!
{
	archiveVersion = 1;
	classes = {
	};
	objectVersion = 50;
	objects = {

/* Begin PBXBuildFile section */
		CC4AB03024CB6FEB0031CE0F /* AppDelegate.swift in Sources */ = {isa = PBXBuildFile; fileRef = CC4AB02F24CB6FEB0031CE0F /* AppDelegate.swift */; };
		CC4AB03224CB6FEB0031CE0F /* ViewController.swift in Sources */ = {isa = PBXBuildFile; fileRef = CC4AB03124CB6FEB0031CE0F /* ViewController.swift */; };
		CC4AB03424CB6FEC0031CE0F /* Assets.xcassets in Resources */ = {isa = PBXBuildFile; fileRef = CC4AB03324CB6FEC0031CE0F /* Assets.xcassets */; };
		CC4AB03724CB6FEC0031CE0F /* Main.storyboard in Resources */ = {isa = PBXBuildFile; fileRef = CC4AB03524CB6FEC0031CE0F /* Main.storyboard */; };
		CC4AB04324CB6FEC0031CE0F /* TransformerTests.swift in Sources */ = {isa = PBXBuildFile; fileRef = CC4AB04224CB6FEC0031CE0F /* TransformerTests.swift */; };
		CC4AB04E24CB6FEC0031CE0F /* TransformerUITests.swift in Sources */ = {isa = PBXBuildFile; fileRef = CC4AB04D24CB6FEC0031CE0F /* TransformerUITests.swift */; };
		CC4AB05C24CB868D0031CE0F /* zalgo.json in Resources */ = {isa = PBXBuildFile; fileRef = CC4AB05B24CB868D0031CE0F /* zalgo.json */; };
		CC4AB05E24CB86C10031CE0F /* ZalgoCharacters.swift in Sources */ = {isa = PBXBuildFile; fileRef = CC4AB05D24CB86C10031CE0F /* ZalgoCharacters.swift */; };
		CC4AB06024CB89890031CE0F /* ROT13.swift in Sources */ = {isa = PBXBuildFile; fileRef = CC4AB05F24CB89890031CE0F /* ROT13.swift */; };
/* End PBXBuildFile section */

/* Begin PBXContainerItemProxy section */
		CC4AB03F24CB6FEC0031CE0F /* PBXContainerItemProxy */ = {
			isa = PBXContainerItemProxy;
			containerPortal = CC4AB02424CB6FEB0031CE0F /* Project object */;
			proxyType = 1;
			remoteGlobalIDString = CC4AB02B24CB6FEB0031CE0F;
			remoteInfo = Transformer;
		};
		CC4AB04A24CB6FEC0031CE0F /* PBXContainerItemProxy */ = {
			isa = PBXContainerItemProxy;
			containerPortal = CC4AB02424CB6FEB0031CE0F /* Project object */;
			proxyType = 1;
			remoteGlobalIDString = CC4AB02B24CB6FEB0031CE0F;
			remoteInfo = Transformer;
		};
/* End PBXContainerItemProxy section */

/* Begin PBXFileReference section */
		CC4AB02C24CB6FEB0031CE0F /* Transformer.app */ = {isa = PBXFileReference; explicitFileType = wrapper.application; includeInIndex = 0; path = Transformer.app; sourceTree = BUILT_PRODUCTS_DIR; };
		CC4AB02F24CB6FEB0031CE0F /* AppDelegate.swift */ = {isa = PBXFileReference; lastKnownFileType = sourcecode.swift; path = AppDelegate.swift; sourceTree = "<group>"; };
		CC4AB03124CB6FEB0031CE0F /* ViewController.swift */ = {isa = PBXFileReference; lastKnownFileType = sourcecode.swift; path = ViewController.swift; sourceTree = "<group>"; };
		CC4AB03324CB6FEC0031CE0F /* Assets.xcassets */ = {isa = PBXFileReference; lastKnownFileType = folder.assetcatalog; path = Assets.xcassets; sourceTree = "<group>"; };
		CC4AB03624CB6FEC0031CE0F /* Base */ = {isa = PBXFileReference; lastKnownFileType = file.storyboard; name = Base; path = Base.lproj/Main.storyboard; sourceTree = "<group>"; };
		CC4AB03824CB6FEC0031CE0F /* Info.plist */ = {isa = PBXFileReference; lastKnownFileType = text.plist.xml; path = Info.plist; sourceTree = "<group>"; };
		CC4AB03924CB6FEC0031CE0F /* Transformer.entitlements */ = {isa = PBXFileReference; lastKnownFileType = text.plist.entitlements; path = Transformer.entitlements; sourceTree = "<group>"; };
		CC4AB03E24CB6FEC0031CE0F /* TransformerTests.xctest */ = {isa = PBXFileReference; explicitFileType = wrapper.cfbundle; includeInIndex = 0; path = TransformerTests.xctest; sourceTree = BUILT_PRODUCTS_DIR; };
		CC4AB04224CB6FEC0031CE0F /* TransformerTests.swift */ = {isa = PBXFileReference; lastKnownFileType = sourcecode.swift; path = TransformerTests.swift; sourceTree = "<group>"; };
		CC4AB04424CB6FEC0031CE0F /* Info.plist */ = {isa = PBXFileReference; lastKnownFileType = text.plist.xml; path = Info.plist; sourceTree = "<group>"; };
		CC4AB04924CB6FEC0031CE0F /* TransformerUITests.xctest */ = {isa = PBXFileReference; explicitFileType = wrapper.cfbundle; includeInIndex = 0; path = TransformerUITests.xctest; sourceTree = BUILT_PRODUCTS_DIR; };
		CC4AB04D24CB6FEC0031CE0F /* TransformerUITests.swift */ = {isa = PBXFileReference; lastKnownFileType = sourcecode.swift; path = TransformerUITests.swift; sourceTree = "<group>"; };
		CC4AB04F24CB6FEC0031CE0F /* Info.plist */ = {isa = PBXFileReference; lastKnownFileType = text.plist.xml; path = Info.plist; sourceTree = "<group>"; };
		CC4AB05B24CB868D0031CE0F /* zalgo.json */ = {isa = PBXFileReference; fileEncoding = 4; lastKnownFileType = text.json; path = zalgo.json; sourceTree = "<group>"; };
		CC4AB05D24CB86C10031CE0F /* ZalgoCharacters.swift */ = {isa = PBXFileReference; lastKnownFileType = sourcecode.swift; path = ZalgoCharacters.swift; sourceTree = "<group>"; };
		CC4AB05F24CB89890031CE0F /* ROT13.swift */ = {isa = PBXFileReference; lastKnownFileType = sourcecode.swift; path = ROT13.swift; sourceTree = "<group>"; };
/* End PBXFileReference section */

/* Begin PBXFrameworksBuildPhase section */
		CC4AB02924CB6FEB0031CE0F /* Frameworks */ = {
			isa = PBXFrameworksBuildPhase;
			buildActionMask = 2147483647;
			files = (
			);
			runOnlyForDeploymentPostprocessing = 0;
		};
		CC4AB03B24CB6FEC0031CE0F /* Frameworks */ = {
			isa = PBXFrameworksBuildPhase;
			buildActionMask = 2147483647;
			files = (
			);
			runOnlyForDeploymentPostprocessing = 0;
		};
		CC4AB04624CB6FEC0031CE0F /* Frameworks */ = {
			isa = PBXFrameworksBuildPhase;
			buildActionMask = 2147483647;
			files = (
			);
			runOnlyForDeploymentPostprocessing = 0;
		};
/* End PBXFrameworksBuildPhase section */

/* Begin PBXGroup section */
		CC4AB02324CB6FEB0031CE0F = {
			isa = PBXGroup;
			children = (
				CC4AB02E24CB6FEB0031CE0F /* Transformer */,
				CC4AB04124CB6FEC0031CE0F /* TransformerTests */,
				CC4AB04C24CB6FEC0031CE0F /* TransformerUITests */,
				CC4AB02D24CB6FEB0031CE0F /* Products */,
			);
			sourceTree = "<group>";
		};
		CC4AB02D24CB6FEB0031CE0F /* Products */ = {
			isa = PBXGroup;
			children = (
				CC4AB02C24CB6FEB0031CE0F /* Transformer.app */,
				CC4AB03E24CB6FEC0031CE0F /* TransformerTests.xctest */,
				CC4AB04924CB6FEC0031CE0F /* TransformerUITests.xctest */,
			);
			name = Products;
			sourceTree = "<group>";
		};
		CC4AB02E24CB6FEB0031CE0F /* Transformer */ = {
			isa = PBXGroup;
			children = (
				CC4AB02F24CB6FEB0031CE0F /* AppDelegate.swift */,
				CC4AB03124CB6FEB0031CE0F /* ViewController.swift */,
				CC4AB05F24CB89890031CE0F /* ROT13.swift */,
				CC4AB03324CB6FEC0031CE0F /* Assets.xcassets */,
				CC4AB03524CB6FEC0031CE0F /* Main.storyboard */,
				CC4AB03824CB6FEC0031CE0F /* Info.plist */,
				CC4AB03924CB6FEC0031CE0F /* Transformer.entitlements */,
				CC4AB05B24CB868D0031CE0F /* zalgo.json */,
				CC4AB05D24CB86C10031CE0F /* ZalgoCharacters.swift */,
			);
			path = Transformer;
			sourceTree = "<group>";
		};
		CC4AB04124CB6FEC0031CE0F /* TransformerTests */ = {
			isa = PBXGroup;
			children = (
				CC4AB04224CB6FEC0031CE0F /* TransformerTests.swift */,
				CC4AB04424CB6FEC0031CE0F /* Info.plist */,
			);
			path = TransformerTests;
			sourceTree = "<group>";
		};
		CC4AB04C24CB6FEC0031CE0F /* TransformerUITests */ = {
			isa = PBXGroup;
			children = (
				CC4AB04D24CB6FEC0031CE0F /* TransformerUITests.swift */,
				CC4AB04F24CB6FEC0031CE0F /* Info.plist */,
			);
			path = TransformerUITests;
			sourceTree = "<group>";
		};
/* End PBXGroup section */

/* Begin PBXNativeTarget section */
		CC4AB02B24CB6FEB0031CE0F /* Transformer */ = {
			isa = PBXNativeTarget;
			buildConfigurationList = CC4AB05224CB6FEC0031CE0F /* Build configuration list for PBXNativeTarget "Transformer" */;
			buildPhases = (
				CC4AB02824CB6FEB0031CE0F /* Sources */,
				CC4AB02924CB6FEB0031CE0F /* Frameworks */,
				CC4AB02A24CB6FEB0031CE0F /* Resources */,
			);
			buildRules = (
			);
			dependencies = (
			);
			name = Transformer;
			productName = Transformer;
			productReference = CC4AB02C24CB6FEB0031CE0F /* Transformer.app */;
			productType = "com.apple.product-type.application";
		};
		CC4AB03D24CB6FEC0031CE0F /* TransformerTests */ = {
			isa = PBXNativeTarget;
			buildConfigurationList = CC4AB05524CB6FEC0031CE0F /* Build configuration list for PBXNativeTarget "TransformerTests" */;
			buildPhases = (
				CC4AB03A24CB6FEC0031CE0F /* Sources */,
				CC4AB03B24CB6FEC0031CE0F /* Frameworks */,
				CC4AB03C24CB6FEC0031CE0F /* Resources */,
			);
			buildRules = (
			);
			dependencies = (
				CC4AB04024CB6FEC0031CE0F /* PBXTargetDependency */,
			);
			name = TransformerTests;
			productName = TransformerTests;
			productReference = CC4AB03E24CB6FEC0031CE0F /* TransformerTests.xctest */;
			productType = "com.apple.product-type.bundle.unit-test";
		};
		CC4AB04824CB6FEC0031CE0F /* TransformerUITests */ = {
			isa = PBXNativeTarget;
			buildConfigurationList = CC4AB05824CB6FEC0031CE0F /* Build configuration list for PBXNativeTarget "TransformerUITests" */;
			buildPhases = (
				CC4AB04524CB6FEC0031CE0F /* Sources */,
				CC4AB04624CB6FEC0031CE0F /* Frameworks */,
				CC4AB04724CB6FEC0031CE0F /* Resources */,
			);
			buildRules = (
			);
			dependencies = (
				CC4AB04B24CB6FEC0031CE0F /* PBXTargetDependency */,
			);
			name = TransformerUITests;
			productName = TransformerUITests;
			productReference = CC4AB04924CB6FEC0031CE0F /* TransformerUITests.xctest */;
			productType = "com.apple.product-type.bundle.ui-testing";
		};
/* End PBXNativeTarget section */

/* Begin PBXProject section */
		CC4AB02424CB6FEB0031CE0F /* Project object */ = {
			isa = PBXProject;
			attributes = {
				LastSwiftUpdateCheck = 1160;
				LastUpgradeCheck = 1160;
				ORGANIZATIONNAME = "kutty selva";
				TargetAttributes = {
					CC4AB02B24CB6FEB0031CE0F = {
						CreatedOnToolsVersion = 11.6;
					};
					CC4AB03D24CB6FEC0031CE0F = {
						CreatedOnToolsVersion = 11.6;
						TestTargetID = CC4AB02B24CB6FEB0031CE0F;
					};
					CC4AB04824CB6FEC0031CE0F = {
						CreatedOnToolsVersion = 11.6;
						TestTargetID = CC4AB02B24CB6FEB0031CE0F;
					};
				};
			};
			buildConfigurationList = CC4AB02724CB6FEB0031CE0F /* Build configuration list for PBXProject "Transformer" */;
			compatibilityVersion = "Xcode 9.3";
			developmentRegion = en;
			hasScannedForEncodings = 0;
			knownRegions = (
				en,
				Base,
			);
			mainGroup = CC4AB02324CB6FEB0031CE0F;
			productRefGroup = CC4AB02D24CB6FEB0031CE0F /* Products */;
			projectDirPath = "";
			projectRoot = "";
			targets = (
				CC4AB02B24CB6FEB0031CE0F /* Transformer */,
				CC4AB03D24CB6FEC0031CE0F /* TransformerTests */,
				CC4AB04824CB6FEC0031CE0F /* TransformerUITests */,
			);
		};
/* End PBXProject section */

/* Begin PBXResourcesBuildPhase section */
		CC4AB02A24CB6FEB0031CE0F /* Resources */ = {
			isa = PBXResourcesBuildPhase;
			buildActionMask = 2147483647;
			files = (
				CC4AB03424CB6FEC0031CE0F /* Assets.xcassets in Resources */,
				CC4AB03724CB6FEC0031CE0F /* Main.storyboard in Resources */,
				CC4AB05C24CB868D0031CE0F /* zalgo.json in Resources */,
			);
			runOnlyForDeploymentPostprocessing = 0;
		};
		CC4AB03C24CB6FEC0031CE0F /* Resources */ = {
			isa = PBXResourcesBuildPhase;
			buildActionMask = 2147483647;
			files = (
			);
			runOnlyForDeploymentPostprocessing = 0;
		};
		CC4AB04724CB6FEC0031CE0F /* Resources */ = {
			isa = PBXResourcesBuildPhase;
			buildActionMask = 2147483647;
			files = (
			);
			runOnlyForDeploymentPostprocessing = 0;
		};
/* End PBXResourcesBuildPhase section */

/* Begin PBXSourcesBuildPhase section */
		CC4AB02824CB6FEB0031CE0F /* Sources */ = {
			isa = PBXSourcesBuildPhase;
			buildActionMask = 2147483647;
			files = (
				CC4AB05E24CB86C10031CE0F /* ZalgoCharacters.swift in Sources */,
				CC4AB03224CB6FEB0031CE0F /* ViewController.swift in Sources */,
				CC4AB03024CB6FEB0031CE0F /* AppDelegate.swift in Sources */,
				CC4AB06024CB89890031CE0F /* ROT13.swift in Sources */,
			);
			runOnlyForDeploymentPostprocessing = 0;
		};
		CC4AB03A24CB6FEC0031CE0F /* Sources */ = {
			isa = PBXSourcesBuildPhase;
			buildActionMask = 2147483647;
			files = (
				CC4AB04324CB6FEC0031CE0F /* TransformerTests.swift in Sources */,
			);
			runOnlyForDeploymentPostprocessing = 0;
		};
		CC4AB04524CB6FEC0031CE0F /* Sources */ = {
			isa = PBXSourcesBuildPhase;
			buildActionMask = 2147483647;
			files = (
				CC4AB04E24CB6FEC0031CE0F /* TransformerUITests.swift in Sources */,
			);
			runOnlyForDeploymentPostprocessing = 0;
		};
/* End PBXSourcesBuildPhase section */

/* Begin PBXTargetDependency section */
		CC4AB04024CB6FEC0031CE0F /* PBXTargetDependency */ = {
			isa = PBXTargetDependency;
			target = CC4AB02B24CB6FEB0031CE0F /* Transformer */;
			targetProxy = CC4AB03F24CB6FEC0031CE0F /* PBXContainerItemProxy */;
		};
		CC4AB04B24CB6FEC0031CE0F /* PBXTargetDependency */ = {
			isa = PBXTargetDependency;
			target = CC4AB02B24CB6FEB0031CE0F /* Transformer */;
			targetProxy = CC4AB04A24CB6FEC0031CE0F /* PBXContainerItemProxy */;
		};
/* End PBXTargetDependency section */

/* Begin PBXVariantGroup section */
		CC4AB03524CB6FEC0031CE0F /* Main.storyboard */ = {
			isa = PBXVariantGroup;
			children = (
				CC4AB03624CB6FEC0031CE0F /* Base */,
			);
			name = Main.storyboard;
			sourceTree = "<group>";
		};
/* End PBXVariantGroup section */

/* Begin XCBuildConfiguration section */
		CC4AB05024CB6FEC0031CE0F /* Debug */ = {
			isa = XCBuildConfiguration;
			buildSettings = {
				ALWAYS_SEARCH_USER_PATHS = NO;
				CLANG_ANALYZER_NONNULL = YES;
				CLANG_ANALYZER_NUMBER_OBJECT_CONVERSION = YES_AGGRESSIVE;
				CLANG_CXX_LANGUAGE_STANDARD = "gnu++14";
				CLANG_CXX_LIBRARY = "libc++";
				CLANG_ENABLE_MODULES = YES;
				CLANG_ENABLE_OBJC_ARC = YES;
				CLANG_ENABLE_OBJC_WEAK = YES;
				CLANG_WARN_BLOCK_CAPTURE_AUTORELEASING = YES;
				CLANG_WARN_BOOL_CONVERSION = YES;
				CLANG_WARN_COMMA = YES;
				CLANG_WARN_CONSTANT_CONVERSION = YES;
				CLANG_WARN_DEPRECATED_OBJC_IMPLEMENTATIONS = YES;
				CLANG_WARN_DIRECT_OBJC_ISA_USAGE = YES_ERROR;
				CLANG_WARN_DOCUMENTATION_COMMENTS = YES;
				CLANG_WARN_EMPTY_BODY = YES;
				CLANG_WARN_ENUM_CONVERSION = YES;
				CLANG_WARN_INFINITE_RECURSION = YES;
				CLANG_WARN_INT_CONVERSION = YES;
				CLANG_WARN_NON_LITERAL_NULL_CONVERSION = YES;
				CLANG_WARN_OBJC_IMPLICIT_RETAIN_SELF = YES;
				CLANG_WARN_OBJC_LITERAL_CONVERSION = YES;
				CLANG_WARN_OBJC_ROOT_CLASS = YES_ERROR;
				CLANG_WARN_RANGE_LOOP_ANALYSIS = YES;
				CLANG_WARN_STRICT_PROTOTYPES = YES;
				CLANG_WARN_SUSPICIOUS_MOVE = YES;
				CLANG_WARN_UNGUARDED_AVAILABILITY = YES_AGGRESSIVE;
				CLANG_WARN_UNREACHABLE_CODE = YES;
				CLANG_WARN__DUPLICATE_METHOD_MATCH = YES;
				COPY_PHASE_STRIP = NO;
				DEBUG_INFORMATION_FORMAT = dwarf;
				ENABLE_STRICT_OBJC_MSGSEND = YES;
				ENABLE_TESTABILITY = YES;
				GCC_C_LANGUAGE_STANDARD = gnu11;
				GCC_DYNAMIC_NO_PIC = NO;
				GCC_NO_COMMON_BLOCKS = YES;
				GCC_OPTIMIZATION_LEVEL = 0;
				GCC_PREPROCESSOR_DEFINITIONS = (
					"DEBUG=1",
					"$(inherited)",
				);
				GCC_WARN_64_TO_32_BIT_CONVERSION = YES;
				GCC_WARN_ABOUT_RETURN_TYPE = YES_ERROR;
				GCC_WARN_UNDECLARED_SELECTOR = YES;
				GCC_WARN_UNINITIALIZED_AUTOS = YES_AGGRESSIVE;
				GCC_WARN_UNUSED_FUNCTION = YES;
				GCC_WARN_UNUSED_VARIABLE = YES;
				MACOSX_DEPLOYMENT_TARGET = 10.15;
				MTL_ENABLE_DEBUG_INFO = INCLUDE_SOURCE;
				MTL_FAST_MATH = YES;
				ONLY_ACTIVE_ARCH = YES;
				SDKROOT = macosx;
				SWIFT_ACTIVE_COMPILATION_CONDITIONS = DEBUG;
				SWIFT_OPTIMIZATION_LEVEL = "-Onone";
			};
			name = Debug;
		};
		CC4AB05124CB6FEC0031CE0F /* Release */ = {
			isa = XCBuildConfiguration;
			buildSettings = {
				ALWAYS_SEARCH_USER_PATHS = NO;
				CLANG_ANALYZER_NONNULL = YES;
				CLANG_ANALYZER_NUMBER_OBJECT_CONVERSION = YES_AGGRESSIVE;
				CLANG_CXX_LANGUAGE_STANDARD = "gnu++14";
				CLANG_CXX_LIBRARY = "libc++";
				CLANG_ENABLE_MODULES = YES;
				CLANG_ENABLE_OBJC_ARC = YES;
				CLANG_ENABLE_OBJC_WEAK = YES;
				CLANG_WARN_BLOCK_CAPTURE_AUTORELEASING = YES;
				CLANG_WARN_BOOL_CONVERSION = YES;
				CLANG_WARN_COMMA = YES;
				CLANG_WARN_CONSTANT_CONVERSION = YES;
				CLANG_WARN_DEPRECATED_OBJC_IMPLEMENTATIONS = YES;
				CLANG_WARN_DIRECT_OBJC_ISA_USAGE = YES_ERROR;
				CLANG_WARN_DOCUMENTATION_COMMENTS = YES;
				CLANG_WARN_EMPTY_BODY = YES;
				CLANG_WARN_ENUM_CONVERSION = YES;
				CLANG_WARN_INFINITE_RECURSION = YES;
				CLANG_WARN_INT_CONVERSION = YES;
				CLANG_WARN_NON_LITERAL_NULL_CONVERSION = YES;
				CLANG_WARN_OBJC_IMPLICIT_RETAIN_SELF = YES;
				CLANG_WARN_OBJC_LITERAL_CONVERSION = YES;
				CLANG_WARN_OBJC_ROOT_CLASS = YES_ERROR;
				CLANG_WARN_RANGE_LOOP_ANALYSIS = YES;
				CLANG_WARN_STRICT_PROTOTYPES = YES;
				CLANG_WARN_SUSPICIOUS_MOVE = YES;
				CLANG_WARN_UNGUARDED_AVAILABILITY = YES_AGGRESSIVE;
				CLANG_WARN_UNREACHABLE_CODE = YES;
				CLANG_WARN__DUPLICATE_METHOD_MATCH = YES;
				COPY_PHASE_STRIP = NO;
				DEBUG_INFORMATION_FORMAT = "dwarf-with-dsym";
				ENABLE_NS_ASSERTIONS = NO;
				ENABLE_STRICT_OBJC_MSGSEND = YES;
				GCC_C_LANGUAGE_STANDARD = gnu11;
				GCC_NO_COMMON_BLOCKS = YES;
				GCC_WARN_64_TO_32_BIT_CONVERSION = YES;
				GCC_WARN_ABOUT_RETURN_TYPE = YES_ERROR;
				GCC_WARN_UNDECLARED_SELECTOR = YES;
				GCC_WARN_UNINITIALIZED_AUTOS = YES_AGGRESSIVE;
				GCC_WARN_UNUSED_FUNCTION = YES;
				GCC_WARN_UNUSED_VARIABLE = YES;
				MACOSX_DEPLOYMENT_TARGET = 10.15;
				MTL_ENABLE_DEBUG_INFO = NO;
				MTL_FAST_MATH = YES;
				SDKROOT = macosx;
				SWIFT_COMPILATION_MODE = wholemodule;
				SWIFT_OPTIMIZATION_LEVEL = "-O";
			};
			name = Release;
		};
		CC4AB05324CB6FEC0031CE0F /* Debug */ = {
			isa = XCBuildConfiguration;
			buildSettings = {
				ASSETCATALOG_COMPILER_APPICON_NAME = AppIcon;
				CODE_SIGN_ENTITLEMENTS = Transformer/Transformer.entitlements;
				CODE_SIGN_STYLE = Automatic;
				COMBINE_HIDPI_IMAGES = YES;
				DEVELOPMENT_TEAM = BXJ5H24R9Y;
				ENABLE_HARDENED_RUNTIME = YES;
				INFOPLIST_FILE = Transformer/Info.plist;
				LD_RUNPATH_SEARCH_PATHS = (
					"$(inherited)",
					"@executable_path/../Frameworks",
				);
				PRODUCT_BUNDLE_IDENTIFIER = com.kutty.Transformer;
				PRODUCT_NAME = "$(TARGET_NAME)";
				SWIFT_VERSION = 5.0;
			};
			name = Debug;
		};
		CC4AB05424CB6FEC0031CE0F /* Release */ = {
			isa = XCBuildConfiguration;
			buildSettings = {
				ASSETCATALOG_COMPILER_APPICON_NAME = AppIcon;
				CODE_SIGN_ENTITLEMENTS = Transformer/Transformer.entitlements;
				CODE_SIGN_STYLE = Automatic;
				COMBINE_HIDPI_IMAGES = YES;
				DEVELOPMENT_TEAM = BXJ5H24R9Y;
				ENABLE_HARDENED_RUNTIME = YES;
				INFOPLIST_FILE = Transformer/Info.plist;
				LD_RUNPATH_SEARCH_PATHS = (
					"$(inherited)",
					"@executable_path/../Frameworks",
				);
				PRODUCT_BUNDLE_IDENTIFIER = com.kutty.Transformer;
				PRODUCT_NAME = "$(TARGET_NAME)";
				SWIFT_VERSION = 5.0;
			};
			name = Release;
		};
		CC4AB05624CB6FEC0031CE0F /* Debug */ = {
			isa = XCBuildConfiguration;
			buildSettings = {
				ALWAYS_EMBED_SWIFT_STANDARD_LIBRARIES = YES;
				BUNDLE_LOADER = "$(TEST_HOST)";
				CODE_SIGN_STYLE = Automatic;
				COMBINE_HIDPI_IMAGES = YES;
				DEVELOPMENT_TEAM = BXJ5H24R9Y;
				INFOPLIST_FILE = TransformerTests/Info.plist;
				LD_RUNPATH_SEARCH_PATHS = (
					"$(inherited)",
					"@executable_path/../Frameworks",
					"@loader_path/../Frameworks",
				);
				MACOSX_DEPLOYMENT_TARGET = 10.15;
				PRODUCT_BUNDLE_IDENTIFIER = com.kutty.TransformerTests;
				PRODUCT_NAME = "$(TARGET_NAME)";
				SWIFT_VERSION = 5.0;
				TEST_HOST = "$(BUILT_PRODUCTS_DIR)/Transformer.app/Contents/MacOS/Transformer";
			};
			name = Debug;
		};
		CC4AB05724CB6FEC0031CE0F /* Release */ = {
			isa = XCBuildConfiguration;
			buildSettings = {
				ALWAYS_EMBED_SWIFT_STANDARD_LIBRARIES = YES;
				BUNDLE_LOADER = "$(TEST_HOST)";
				CODE_SIGN_STYLE = Automatic;
				COMBINE_HIDPI_IMAGES = YES;
				DEVELOPMENT_TEAM = BXJ5H24R9Y;
				INFOPLIST_FILE = TransformerTests/Info.plist;
				LD_RUNPATH_SEARCH_PATHS = (
					"$(inherited)",
					"@executable_path/../Frameworks",
					"@loader_path/../Frameworks",
				);
				MACOSX_DEPLOYMENT_TARGET = 10.15;
				PRODUCT_BUNDLE_IDENTIFIER = com.kutty.TransformerTests;
				PRODUCT_NAME = "$(TARGET_NAME)";
				SWIFT_VERSION = 5.0;
				TEST_HOST = "$(BUILT_PRODUCTS_DIR)/Transformer.app/Contents/MacOS/Transformer";
			};
			name = Release;
		};
		CC4AB05924CB6FEC0031CE0F /* Debug */ = {
			isa = XCBuildConfiguration;
			buildSettings = {
				ALWAYS_EMBED_SWIFT_STANDARD_LIBRARIES = YES;
				CODE_SIGN_STYLE = Automatic;
				COMBINE_HIDPI_IMAGES = YES;
				DEVELOPMENT_TEAM = BXJ5H24R9Y;
				INFOPLIST_FILE = TransformerUITests/Info.plist;
				LD_RUNPATH_SEARCH_PATHS = (
					"$(inherited)",
					"@executable_path/../Frameworks",
					"@loader_path/../Frameworks",
				);
				PRODUCT_BUNDLE_IDENTIFIER = com.kutty.TransformerUITests;
				PRODUCT_NAME = "$(TARGET_NAME)";
				SWIFT_VERSION = 5.0;
				TEST_TARGET_NAME = Transformer;
			};
			name = Debug;
		};
		CC4AB05A24CB6FEC0031CE0F /* Release */ = {
			isa = XCBuildConfiguration;
			buildSettings = {
				ALWAYS_EMBED_SWIFT_STANDARD_LIBRARIES = YES;
				CODE_SIGN_STYLE = Automatic;
				COMBINE_HIDPI_IMAGES = YES;
				DEVELOPMENT_TEAM = BXJ5H24R9Y;
				INFOPLIST_FILE = TransformerUITests/Info.plist;
				LD_RUNPATH_SEARCH_PATHS = (
					"$(inherited)",
					"@executable_path/../Frameworks",
					"@loader_path/../Frameworks",
				);
				PRODUCT_BUNDLE_IDENTIFIER = com.kutty.TransformerUITests;
				PRODUCT_NAME = "$(TARGET_NAME)";
				SWIFT_VERSION = 5.0;
				TEST_TARGET_NAME = Transformer;
			};
			name = Release;
		};
/* End XCBuildConfiguration section */

/* Begin XCConfigurationList section */
		CC4AB02724CB6FEB0031CE0F /* Build configuration list for PBXProject "Transformer" */ = {
			isa = XCConfigurationList;
			buildConfigurations = (
				CC4AB05024CB6FEC0031CE0F /* Debug */,
				CC4AB05124CB6FEC0031CE0F /* Release */,
			);
			defaultConfigurationIsVisible = 0;
			defaultConfigurationName = Release;
		};
		CC4AB05224CB6FEC0031CE0F /* Build configuration list for PBXNativeTarget "Transformer" */ = {
			isa = XCConfigurationList;
			buildConfigurations = (
				CC4AB05324CB6FEC0031CE0F /* Debug */,
				CC4AB05424CB6FEC0031CE0F /* Release */,
			);
			defaultConfigurationIsVisible = 0;
			defaultConfigurationName = Release;
		};
		CC4AB05524CB6FEC0031CE0F /* Build configuration list for PBXNativeTarget "TransformerTests" */ = {
			isa = XCConfigurationList;
			buildConfigurations = (
				CC4AB05624CB6FEC0031CE0F /* Debug */,
				CC4AB05724CB6FEC0031CE0F /* Release */,
			);
			defaultConfigurationIsVisible = 0;
			defaultConfigurationName = Release;
		};
		CC4AB05824CB6FEC0031CE0F /* Build configuration list for PBXNativeTarget "TransformerUITests" */ = {
			isa = XCConfigurationList;
			buildConfigurations = (
				CC4AB05924CB6FEC0031CE0F /* Debug */,
				CC4AB05A24CB6FEC0031CE0F /* Release */,
			);
			defaultConfigurationIsVisible = 0;
			defaultConfigurationName = Release;
		};
/* End XCConfigurationList section */
	};
	rootObject = CC4AB02424CB6FEB0031CE0F /* Project object */;
}
